
Microsoft Visual Studio Solution File, Format Version 12.00
# Visual Studio Version 17
VisualStudioVersion = 17.12.35728.132
MinimumVisualStudioVersion = 10.0.40219.1
Project("{FAE04EC0-301F-11D3-BF4B-00C04F79EFBC}") = "RestaurantManagement_Task1", "RestourantManagement_Task1\RestaurantManagement_Task1.csproj", "{268FDDA7-A22D-4750-8D55-7A5863025222}"
	ProjectSection(ProjectDependencies) = postProject
		{57A17E11-29E1-4F98-B68B-57CA625D696A} = {57A17E11-29E1-4F98-B68B-57CA625D696A}
	EndProjectSection
EndProject
Project("{FAE04EC0-301F-11D3-BF4B-00C04F79EFBC}") = "Application", "Application\Application.csproj", "{57A17E11-29E1-4F98-B68B-57CA625D696A}"
EndProject
Project("{FAE04EC0-301F-11D3-BF4B-00C04F79EFBC}") = "Common", "Common\Common.csproj", "{0DFFDDA2-269B-4103-91E6-E01C4EC55252}"
EndProject
Project("{FAE04EC0-301F-11D3-BF4B-00C04F79EFBC}") = "DAL.SqlServer", "DAL.SqlServer\DAL.SqlServer.csproj", "{47A98091-264F-42A8-90CB-AE7E92822CC7}"
EndProject
Project("{FAE04EC0-301F-11D3-BF4B-00C04F79EFBC}") = "Domain", "Domain\Domain.csproj", "{FA5DAAB7-598A-4E9E-A78D-E80102426451}"
EndProject
Project("{FAE04EC0-301F-11D3-BF4B-00C04F79EFBC}") = "Repository", "Repository\Repository.csproj", "{092B2D1C-3D6D-4680-89AE-0CEB821CFE4D}"
EndProject
Global
	GlobalSection(SolutionConfigurationPlatforms) = preSolution
		Debug|Any CPU = Debug|Any CPU
		Release|Any CPU = Release|Any CPU
	EndGlobalSection
	GlobalSection(ProjectConfigurationPlatforms) = postSolution
		{268FDDA7-A22D-4750-8D55-7A5863025222}.Debug|Any CPU.ActiveCfg = Debug|Any CPU
		{268FDDA7-A22D-4750-8D55-7A5863025222}.Debug|Any CPU.Build.0 = Debug|Any CPU
		{268FDDA7-A22D-4750-8D55-7A5863025222}.Release|Any CPU.ActiveCfg = Release|Any CPU
		{268FDDA7-A22D-4750-8D55-7A5863025222}.Release|Any CPU.Build.0 = Release|Any CPU
		{57A17E11-29E1-4F98-B68B-57CA625D696A}.Debug|Any CPU.ActiveCfg = Debug|Any CPU
		{57A17E11-29E1-4F98-B68B-57CA625D696A}.Debug|Any CPU.Build.0 = Debug|Any CPU
		{57A17E11-29E1-4F98-B68B-57CA625D696A}.Release|Any CPU.ActiveCfg = Release|Any CPU
		{57A17E11-29E1-4F98-B68B-57CA625D696A}.Release|Any CPU.Build.0 = Release|Any CPU
		{0DFFDDA2-269B-4103-91E6-E01C4EC55252}.Debug|Any CPU.ActiveCfg = Debug|Any CPU
		{0DFFDDA2-269B-4103-91E6-E01C4EC55252}.Debug|Any CPU.Build.0 = Debug|Any CPU
		{0DFFDDA2-269B-4103-91E6-E01C4EC55252}.Release|Any CPU.ActiveCfg = Release|Any CPU
		{0DFFDDA2-269B-4103-91E6-E01C4EC55252}.Release|Any CPU.Build.0 = Release|Any CPU
		{47A98091-264F-42A8-90CB-AE7E92822CC7}.Debug|Any CPU.ActiveCfg = Debug|Any CPU
		{47A98091-264F-42A8-90CB-AE7E92822CC7}.Debug|Any CPU.Build.0 = Debug|Any CPU
		{47A98091-264F-42A8-90CB-AE7E92822CC7}.Release|Any CPU.ActiveCfg = Release|Any CPU
		{47A98091-264F-42A8-90CB-AE7E92822CC7}.Release|Any CPU.Build.0 = Release|Any CPU
		{FA5DAAB7-598A-4E9E-A78D-E80102426451}.Debug|Any CPU.ActiveCfg = Debug|Any CPU
		{FA5DAAB7-598A-4E9E-A78D-E80102426451}.Debug|Any CPU.Build.0 = Debug|Any CPU
		{FA5DAAB7-598A-4E9E-A78D-E80102426451}.Release|Any CPU.ActiveCfg = Release|Any CPU
		{FA5DAAB7-598A-4E9E-A78D-E80102426451}.Release|Any CPU.Build.0 = Release|Any CPU
		{092B2D1C-3D6D-4680-89AE-0CEB821CFE4D}.Debug|Any CPU.ActiveCfg = Debug|Any CPU
		{092B2D1C-3D6D-4680-89AE-0CEB821CFE4D}.Debug|Any CPU.Build.0 = Debug|Any CPU
		{092B2D1C-3D6D-4680-89AE-0CEB821CFE4D}.Release|Any CPU.ActiveCfg = Release|Any CPU
		{092B2D1C-3D6D-4680-89AE-0CEB821CFE4D}.Release|Any CPU.Build.0 = Release|Any CPU
	EndGlobalSection
	GlobalSection(SolutionProperties) = preSolution
		HideSolutionNode = FALSE
	EndGlobalSection
EndGlobal
